
Microsoft Visual Studio Solution File, Format Version 12.00
Project("{FAE04EC0-301F-11D3-BF4B-00C04F79EFBC}") = "401ScrumApp", "401ScrumApp\401ScrumApp.csproj", "{8AB48299-B7AA-4B81-AD4A-7C3673EE1AF0}"
EndProject
Global
	GlobalSection(SolutionConfigurationPlatforms) = preSolution
		Debug|Any CPU = Debug|Any CPU
		Release|Any CPU = Release|Any CPU
	EndGlobalSection
	GlobalSection(ProjectConfigurationPlatforms) = postSolution
		{8AB48299-B7AA-4B81-AD4A-7C3673EE1AF0}.Debug|Any CPU.ActiveCfg = Debug|Any CPU
		{8AB48299-B7AA-4B81-AD4A-7C3673EE1AF0}.Debug|Any CPU.Build.0 = Debug|Any CPU
		{8AB48299-B7AA-4B81-AD4A-7C3673EE1AF0}.Release|Any CPU.ActiveCfg = Release|Any CPU
		{8AB48299-B7AA-4B81-AD4A-7C3673EE1AF0}.Release|Any CPU.Build.0 = Release|Any CPU
	EndGlobalSection
EndGlobal
